// !$*UTF8*$!
{
	archiveVersion = 1;
	classes = {
	};
	objectVersion = 56;
	objects = {

/* Begin PBXBuildFile section */
		2F78F26F4B8405A8B66CF87B /* Pods_Messager.framework in Frameworks */ = {isa = PBXBuildFile; fileRef = 67358F3B4BAFD7D50613295D /* Pods_Messager.framework */; };
		64CCA6532A552D3500523486 /* AppDelegate.swift in Sources */ = {isa = PBXBuildFile; fileRef = 64CCA6522A552D3500523486 /* AppDelegate.swift */; };
		64CCA6552A552D3500523486 /* SceneDelegate.swift in Sources */ = {isa = PBXBuildFile; fileRef = 64CCA6542A552D3500523486 /* SceneDelegate.swift */; };
		64CCA6572A552D3500523486 /* LoginViewController.swift in Sources */ = {isa = PBXBuildFile; fileRef = 64CCA6562A552D3500523486 /* LoginViewController.swift */; };
		64CCA65A2A552D3500523486 /* Main.storyboard in Resources */ = {isa = PBXBuildFile; fileRef = 64CCA6582A552D3500523486 /* Main.storyboard */; };
		64CCA65D2A552D3500523486 /* Messager.xcdatamodeld in Sources */ = {isa = PBXBuildFile; fileRef = 64CCA65B2A552D3500523486 /* Messager.xcdatamodeld */; };
		64CCA65F2A552D3700523486 /* Assets.xcassets in Resources */ = {isa = PBXBuildFile; fileRef = 64CCA65E2A552D3700523486 /* Assets.xcassets */; };
		64CCA6622A552D3700523486 /* LaunchScreen.storyboard in Resources */ = {isa = PBXBuildFile; fileRef = 64CCA6602A552D3700523486 /* LaunchScreen.storyboard */; };
		64CCA66F2A554F6900523486 /* GoogleService-Info.plist in Resources */ = {isa = PBXBuildFile; fileRef = 64CCA66E2A554F6900523486 /* GoogleService-Info.plist */; };
		64CCA6712A569A8500523486 /* User.swift in Sources */ = {isa = PBXBuildFile; fileRef = 64CCA6702A569A8500523486 /* User.swift */; };
		64CCA6742A569D5100523486 /* Constants.swift in Sources */ = {isa = PBXBuildFile; fileRef = 64CCA6732A569D5100523486 /* Constants.swift */; };
		64CCA6762A56A6EC00523486 /* FCollectionReference.swift in Sources */ = {isa = PBXBuildFile; fileRef = 64CCA6752A56A6EC00523486 /* FCollectionReference.swift */; };
		64CCA6792A56A8A200523486 /* FirebaseUserListener.swift in Sources */ = {isa = PBXBuildFile; fileRef = 64CCA6782A56A8A200523486 /* FirebaseUserListener.swift */; };
/* End PBXBuildFile section */

/* Begin PBXFileReference section */
		64CCA64F2A552D3500523486 /* Messager.app */ = {isa = PBXFileReference; explicitFileType = wrapper.application; includeInIndex = 0; path = Messager.app; sourceTree = BUILT_PRODUCTS_DIR; };
		64CCA6522A552D3500523486 /* AppDelegate.swift */ = {isa = PBXFileReference; lastKnownFileType = sourcecode.swift; path = AppDelegate.swift; sourceTree = "<group>"; };
		64CCA6542A552D3500523486 /* SceneDelegate.swift */ = {isa = PBXFileReference; lastKnownFileType = sourcecode.swift; path = SceneDelegate.swift; sourceTree = "<group>"; };
		64CCA6562A552D3500523486 /* LoginViewController.swift */ = {isa = PBXFileReference; lastKnownFileType = sourcecode.swift; path = LoginViewController.swift; sourceTree = "<group>"; };
		64CCA6592A552D3500523486 /* Base */ = {isa = PBXFileReference; lastKnownFileType = file.storyboard; name = Base; path = Base.lproj/Main.storyboard; sourceTree = "<group>"; };
		64CCA65C2A552D3500523486 /* Messager.xcdatamodel */ = {isa = PBXFileReference; lastKnownFileType = wrapper.xcdatamodel; path = Messager.xcdatamodel; sourceTree = "<group>"; };
		64CCA65E2A552D3700523486 /* Assets.xcassets */ = {isa = PBXFileReference; lastKnownFileType = folder.assetcatalog; path = Assets.xcassets; sourceTree = "<group>"; };
		64CCA6612A552D3700523486 /* Base */ = {isa = PBXFileReference; lastKnownFileType = file.storyboard; name = Base; path = Base.lproj/LaunchScreen.storyboard; sourceTree = "<group>"; };
		64CCA6632A552D3700523486 /* Info.plist */ = {isa = PBXFileReference; lastKnownFileType = text.plist.xml; path = Info.plist; sourceTree = "<group>"; };
		64CCA66E2A554F6900523486 /* GoogleService-Info.plist */ = {isa = PBXFileReference; fileEncoding = 4; lastKnownFileType = text.plist.xml; name = "GoogleService-Info.plist"; path = "../../../../../Downloads/GoogleService-Info.plist"; sourceTree = "<group>"; };
		64CCA6702A569A8500523486 /* User.swift */ = {isa = PBXFileReference; lastKnownFileType = sourcecode.swift; path = User.swift; sourceTree = "<group>"; };
		64CCA6732A569D5100523486 /* Constants.swift */ = {isa = PBXFileReference; lastKnownFileType = sourcecode.swift; path = Constants.swift; sourceTree = "<group>"; };
		64CCA6752A56A6EC00523486 /* FCollectionReference.swift */ = {isa = PBXFileReference; lastKnownFileType = sourcecode.swift; path = FCollectionReference.swift; sourceTree = "<group>"; };
		64CCA6782A56A8A200523486 /* FirebaseUserListener.swift */ = {isa = PBXFileReference; lastKnownFileType = sourcecode.swift; path = FirebaseUserListener.swift; sourceTree = "<group>"; };
		67358F3B4BAFD7D50613295D /* Pods_Messager.framework */ = {isa = PBXFileReference; explicitFileType = wrapper.framework; includeInIndex = 0; path = Pods_Messager.framework; sourceTree = BUILT_PRODUCTS_DIR; };
		8B605FEE19907385DF590E73 /* Pods-Messager.release.xcconfig */ = {isa = PBXFileReference; includeInIndex = 1; lastKnownFileType = text.xcconfig; name = "Pods-Messager.release.xcconfig"; path = "Target Support Files/Pods-Messager/Pods-Messager.release.xcconfig"; sourceTree = "<group>"; };
		EF465C954DAD89113DE52B76 /* Pods-Messager.debug.xcconfig */ = {isa = PBXFileReference; includeInIndex = 1; lastKnownFileType = text.xcconfig; name = "Pods-Messager.debug.xcconfig"; path = "Target Support Files/Pods-Messager/Pods-Messager.debug.xcconfig"; sourceTree = "<group>"; };
/* End PBXFileReference section */

/* Begin PBXFrameworksBuildPhase section */
		64CCA64C2A552D3500523486 /* Frameworks */ = {
			isa = PBXFrameworksBuildPhase;
			buildActionMask = 2147483647;
			files = (
				2F78F26F4B8405A8B66CF87B /* Pods_Messager.framework in Frameworks */,
			);
			runOnlyForDeploymentPostprocessing = 0;
		};
/* End PBXFrameworksBuildPhase section */

/* Begin PBXGroup section */
		33E01E04C40C63509E1E9F26 /* Frameworks */ = {
			isa = PBXGroup;
			children = (
				67358F3B4BAFD7D50613295D /* Pods_Messager.framework */,
			);
			name = Frameworks;
			sourceTree = "<group>";
		};
		646102672A57F42D0074B313 /* Helpers */ = {
			isa = PBXGroup;
			children = (
				64CCA6732A569D5100523486 /* Constants.swift */,
			);
			path = Helpers;
			sourceTree = "<group>";
		};
		64CCA6462A552D3500523486 = {
			isa = PBXGroup;
			children = (
				64CCA6512A552D3500523486 /* Messager */,
				64CCA6502A552D3500523486 /* Products */,
				DDE2965272DE5A16B5D27C67 /* Pods */,
				33E01E04C40C63509E1E9F26 /* Frameworks */,
			);
			sourceTree = "<group>";
		};
		64CCA6502A552D3500523486 /* Products */ = {
			isa = PBXGroup;
			children = (
				64CCA64F2A552D3500523486 /* Messager.app */,
			);
			name = Products;
			sourceTree = "<group>";
		};
		64CCA6512A552D3500523486 /* Messager */ = {
			isa = PBXGroup;
			children = (
				64CCA66E2A554F6900523486 /* GoogleService-Info.plist */,
				64CCA6522A552D3500523486 /* AppDelegate.swift */,
				64CCA6542A552D3500523486 /* SceneDelegate.swift */,
				64CCA6562A552D3500523486 /* LoginViewController.swift */,
				64CCA6772A56A84D00523486 /* FirebaseHelpers */,
				64CCA6722A569A9100523486 /* Model */,
				646102672A57F42D0074B313 /* Helpers */,
				64CCA6582A552D3500523486 /* Main.storyboard */,
				64CCA65E2A552D3700523486 /* Assets.xcassets */,
				64CCA6602A552D3700523486 /* LaunchScreen.storyboard */,
				64CCA6632A552D3700523486 /* Info.plist */,
				64CCA65B2A552D3500523486 /* Messager.xcdatamodeld */,
			);
			path = Messager;
			sourceTree = "<group>";
		};
		64CCA6722A569A9100523486 /* Model */ = {
			isa = PBXGroup;
			children = (
				64CCA6702A569A8500523486 /* User.swift */,
			);
			path = Model;
			sourceTree = "<group>";
		};
		64CCA6772A56A84D00523486 /* FirebaseHelpers */ = {
			isa = PBXGroup;
			children = (
				64CCA6752A56A6EC00523486 /* FCollectionReference.swift */,
				64CCA6782A56A8A200523486 /* FirebaseUserListener.swift */,
			);
			path = FirebaseHelpers;
			sourceTree = "<group>";
		};
		DDE2965272DE5A16B5D27C67 /* Pods */ = {
			isa = PBXGroup;
			children = (
				EF465C954DAD89113DE52B76 /* Pods-Messager.debug.xcconfig */,
				8B605FEE19907385DF590E73 /* Pods-Messager.release.xcconfig */,
			);
			path = Pods;
			sourceTree = "<group>";
		};
/* End PBXGroup section */

/* Begin PBXNativeTarget section */
		64CCA64E2A552D3500523486 /* Messager */ = {
			isa = PBXNativeTarget;
			buildConfigurationList = 64CCA6662A552D3700523486 /* Build configuration list for PBXNativeTarget "Messager" */;
			buildPhases = (
				15147A47E622C7F64CB48B47 /* [CP] Check Pods Manifest.lock */,
				64CCA64B2A552D3500523486 /* Sources */,
				64CCA64C2A552D3500523486 /* Frameworks */,
				64CCA64D2A552D3500523486 /* Resources */,
				3D0D6DBEF1F931079501FF8E /* [CP] Embed Pods Frameworks */,
			);
			buildRules = (
			);
			dependencies = (
			);
			name = Messager;
			productName = Messager;
			productReference = 64CCA64F2A552D3500523486 /* Messager.app */;
			productType = "com.apple.product-type.application";
		};
/* End PBXNativeTarget section */

/* Begin PBXProject section */
		64CCA6472A552D3500523486 /* Project object */ = {
			isa = PBXProject;
			attributes = {
				BuildIndependentTargetsInParallel = 1;
				LastSwiftUpdateCheck = 1430;
				LastUpgradeCheck = 1430;
				TargetAttributes = {
					64CCA64E2A552D3500523486 = {
						CreatedOnToolsVersion = 14.3.1;
					};
				};
			};
			buildConfigurationList = 64CCA64A2A552D3500523486 /* Build configuration list for PBXProject "Messager" */;
			compatibilityVersion = "Xcode 14.0";
			developmentRegion = en;
			hasScannedForEncodings = 0;
			knownRegions = (
				en,
				Base,
			);
			mainGroup = 64CCA6462A552D3500523486;
			productRefGroup = 64CCA6502A552D3500523486 /* Products */;
			projectDirPath = "";
			projectRoot = "";
			targets = (
				64CCA64E2A552D3500523486 /* Messager */,
			);
		};
/* End PBXProject section */

/* Begin PBXResourcesBuildPhase section */
		64CCA64D2A552D3500523486 /* Resources */ = {
			isa = PBXResourcesBuildPhase;
			buildActionMask = 2147483647;
			files = (
				64CCA6622A552D3700523486 /* LaunchScreen.storyboard in Resources */,
				64CCA66F2A554F6900523486 /* GoogleService-Info.plist in Resources */,
				64CCA65F2A552D3700523486 /* Assets.xcassets in Resources */,
				64CCA65A2A552D3500523486 /* Main.storyboard in Resources */,
			);
			runOnlyForDeploymentPostprocessing = 0;
		};
/* End PBXResourcesBuildPhase section */

/* Begin PBXShellScriptBuildPhase section */
		15147A47E622C7F64CB48B47 /* [CP] Check Pods Manifest.lock */ = {
			isa = PBXShellScriptBuildPhase;
			buildActionMask = 2147483647;
			files = (
			);
			inputFileListPaths = (
			);
			inputPaths = (
				"${PODS_PODFILE_DIR_PATH}/Podfile.lock",
				"${PODS_ROOT}/Manifest.lock",
			);
			name = "[CP] Check Pods Manifest.lock";
			outputFileListPaths = (
			);
			outputPaths = (
				"$(DERIVED_FILE_DIR)/Pods-Messager-checkManifestLockResult.txt",
			);
			runOnlyForDeploymentPostprocessing = 0;
			shellPath = /bin/sh;
			shellScript = "diff \"${PODS_PODFILE_DIR_PATH}/Podfile.lock\" \"${PODS_ROOT}/Manifest.lock\" > /dev/null\nif [ $? != 0 ] ; then\n    # print error to STDERR\n    echo \"error: The sandbox is not in sync with the Podfile.lock. Run 'pod install' or update your CocoaPods installation.\" >&2\n    exit 1\nfi\n# This output is used by Xcode 'outputs' to avoid re-running this script phase.\necho \"SUCCESS\" > \"${SCRIPT_OUTPUT_FILE_0}\"\n";
			showEnvVarsInLog = 0;
		};
		3D0D6DBEF1F931079501FF8E /* [CP] Embed Pods Frameworks */ = {
			isa = PBXShellScriptBuildPhase;
			buildActionMask = 2147483647;
			files = (
			);
			inputFileListPaths = (
				"${PODS_ROOT}/Target Support Files/Pods-Messager/Pods-Messager-frameworks-${CONFIGURATION}-input-files.xcfilelist",
			);
			name = "[CP] Embed Pods Frameworks";
			outputFileListPaths = (
				"${PODS_ROOT}/Target Support Files/Pods-Messager/Pods-Messager-frameworks-${CONFIGURATION}-output-files.xcfilelist",
			);
			runOnlyForDeploymentPostprocessing = 0;
			shellPath = /bin/sh;
			shellScript = "\"${PODS_ROOT}/Target Support Files/Pods-Messager/Pods-Messager-frameworks.sh\"\n";
			showEnvVarsInLog = 0;
		};
/* End PBXShellScriptBuildPhase section */

/* Begin PBXSourcesBuildPhase section */
		64CCA64B2A552D3500523486 /* Sources */ = {
			isa = PBXSourcesBuildPhase;
			buildActionMask = 2147483647;
			files = (
				64CCA65D2A552D3500523486 /* Messager.xcdatamodeld in Sources */,
				64CCA6572A552D3500523486 /* LoginViewController.swift in Sources */,
				64CCA6532A552D3500523486 /* AppDelegate.swift in Sources */,
				64CCA6792A56A8A200523486 /* FirebaseUserListener.swift in Sources */,
				64CCA6712A569A8500523486 /* User.swift in Sources */,
				64CCA6552A552D3500523486 /* SceneDelegate.swift in Sources */,
				64CCA6762A56A6EC00523486 /* FCollectionReference.swift in Sources */,
				64CCA6742A569D5100523486 /* Constants.swift in Sources */,
			);
			runOnlyForDeploymentPostprocessing = 0;
		};
/* End PBXSourcesBuildPhase section */

/* Begin PBXVariantGroup section */
		64CCA6582A552D3500523486 /* Main.storyboard */ = {
			isa = PBXVariantGroup;
			children = (
				64CCA6592A552D3500523486 /* Base */,
			);
			name = Main.storyboard;
			sourceTree = "<group>";
		};
		64CCA6602A552D3700523486 /* LaunchScreen.storyboard */ = {
			isa = PBXVariantGroup;
			children = (
				64CCA6612A552D3700523486 /* Base */,
			);
			name = LaunchScreen.storyboard;
			sourceTree = "<group>";
		};
/* End PBXVariantGroup section */

/* Begin XCBuildConfiguration section */
		64CCA6642A552D3700523486 /* Debug */ = {
			isa = XCBuildConfiguration;
			buildSettings = {
				ALWAYS_SEARCH_USER_PATHS = NO;
				CLANG_ANALYZER_NONNULL = YES;
				CLANG_ANALYZER_NUMBER_OBJECT_CONVERSION = YES_AGGRESSIVE;
				CLANG_CXX_LANGUAGE_STANDARD = "gnu++20";
				CLANG_ENABLE_MODULES = YES;
				CLANG_ENABLE_OBJC_ARC = YES;
				CLANG_ENABLE_OBJC_WEAK = YES;
				CLANG_WARN_BLOCK_CAPTURE_AUTORELEASING = YES;
				CLANG_WARN_BOOL_CONVERSION = YES;
				CLANG_WARN_COMMA = YES;
				CLANG_WARN_CONSTANT_CONVERSION = YES;
				CLANG_WARN_DEPRECATED_OBJC_IMPLEMENTATIONS = YES;
				CLANG_WARN_DIRECT_OBJC_ISA_USAGE = YES_ERROR;
				CLANG_WARN_DOCUMENTATION_COMMENTS = YES;
				CLANG_WARN_EMPTY_BODY = YES;
				CLANG_WARN_ENUM_CONVERSION = YES;
				CLANG_WARN_INFINITE_RECURSION = YES;
				CLANG_WARN_INT_CONVERSION = YES;
				CLANG_WARN_NON_LITERAL_NULL_CONVERSION = YES;
				CLANG_WARN_OBJC_IMPLICIT_RETAIN_SELF = YES;
				CLANG_WARN_OBJC_LITERAL_CONVERSION = YES;
				CLANG_WARN_OBJC_ROOT_CLASS = YES_ERROR;
				CLANG_WARN_QUOTED_INCLUDE_IN_FRAMEWORK_HEADER = YES;
				CLANG_WARN_RANGE_LOOP_ANALYSIS = YES;
				CLANG_WARN_STRICT_PROTOTYPES = YES;
				CLANG_WARN_SUSPICIOUS_MOVE = YES;
				CLANG_WARN_UNGUARDED_AVAILABILITY = YES_AGGRESSIVE;
				CLANG_WARN_UNREACHABLE_CODE = YES;
				CLANG_WARN__DUPLICATE_METHOD_MATCH = YES;
				COPY_PHASE_STRIP = NO;
				DEBUG_INFORMATION_FORMAT = dwarf;
				ENABLE_STRICT_OBJC_MSGSEND = YES;
				ENABLE_TESTABILITY = YES;
				GCC_C_LANGUAGE_STANDARD = gnu11;
				GCC_DYNAMIC_NO_PIC = NO;
				GCC_NO_COMMON_BLOCKS = YES;
				GCC_OPTIMIZATION_LEVEL = 0;
				GCC_PREPROCESSOR_DEFINITIONS = (
					"DEBUG=1",
					"$(inherited)",
				);
				GCC_WARN_64_TO_32_BIT_CONVERSION = YES;
				GCC_WARN_ABOUT_RETURN_TYPE = YES_ERROR;
				GCC_WARN_UNDECLARED_SELECTOR = YES;
				GCC_WARN_UNINITIALIZED_AUTOS = YES_AGGRESSIVE;
				GCC_WARN_UNUSED_FUNCTION = YES;
				GCC_WARN_UNUSED_VARIABLE = YES;
				IPHONEOS_DEPLOYMENT_TARGET = 16.4;
				MTL_ENABLE_DEBUG_INFO = INCLUDE_SOURCE;
				MTL_FAST_MATH = YES;
				ONLY_ACTIVE_ARCH = YES;
				SDKROOT = iphoneos;
				SWIFT_ACTIVE_COMPILATION_CONDITIONS = DEBUG;
				SWIFT_OPTIMIZATION_LEVEL = "-Onone";
			};
			name = Debug;
		};
		64CCA6652A552D3700523486 /* Release */ = {
			isa = XCBuildConfiguration;
			buildSettings = {
				ALWAYS_SEARCH_USER_PATHS = NO;
				CLANG_ANALYZER_NONNULL = YES;
				CLANG_ANALYZER_NUMBER_OBJECT_CONVERSION = YES_AGGRESSIVE;
				CLANG_CXX_LANGUAGE_STANDARD = "gnu++20";
				CLANG_ENABLE_MODULES = YES;
				CLANG_ENABLE_OBJC_ARC = YES;
				CLANG_ENABLE_OBJC_WEAK = YES;
				CLANG_WARN_BLOCK_CAPTURE_AUTORELEASING = YES;
				CLANG_WARN_BOOL_CONVERSION = YES;
				CLANG_WARN_COMMA = YES;
				CLANG_WARN_CONSTANT_CONVERSION = YES;
				CLANG_WARN_DEPRECATED_OBJC_IMPLEMENTATIONS = YES;
				CLANG_WARN_DIRECT_OBJC_ISA_USAGE = YES_ERROR;
				CLANG_WARN_DOCUMENTATION_COMMENTS = YES;
				CLANG_WARN_EMPTY_BODY = YES;
				CLANG_WARN_ENUM_CONVERSION = YES;
				CLANG_WARN_INFINITE_RECURSION = YES;
				CLANG_WARN_INT_CONVERSION = YES;
				CLANG_WARN_NON_LITERAL_NULL_CONVERSION = YES;
				CLANG_WARN_OBJC_IMPLICIT_RETAIN_SELF = YES;
				CLANG_WARN_OBJC_LITERAL_CONVERSION = YES;
				CLANG_WARN_OBJC_ROOT_CLASS = YES_ERROR;
				CLANG_WARN_QUOTED_INCLUDE_IN_FRAMEWORK_HEADER = YES;
				CLANG_WARN_RANGE_LOOP_ANALYSIS = YES;
				CLANG_WARN_STRICT_PROTOTYPES = YES;
				CLANG_WARN_SUSPICIOUS_MOVE = YES;
				CLANG_WARN_UNGUARDED_AVAILABILITY = YES_AGGRESSIVE;
				CLANG_WARN_UNREACHABLE_CODE = YES;
				CLANG_WARN__DUPLICATE_METHOD_MATCH = YES;
				COPY_PHASE_STRIP = NO;
				DEBUG_INFORMATION_FORMAT = "dwarf-with-dsym";
				ENABLE_NS_ASSERTIONS = NO;
				ENABLE_STRICT_OBJC_MSGSEND = YES;
				GCC_C_LANGUAGE_STANDARD = gnu11;
				GCC_NO_COMMON_BLOCKS = YES;
				GCC_WARN_64_TO_32_BIT_CONVERSION = YES;
				GCC_WARN_ABOUT_RETURN_TYPE = YES_ERROR;
				GCC_WARN_UNDECLARED_SELECTOR = YES;
				GCC_WARN_UNINITIALIZED_AUTOS = YES_AGGRESSIVE;
				GCC_WARN_UNUSED_FUNCTION = YES;
				GCC_WARN_UNUSED_VARIABLE = YES;
				IPHONEOS_DEPLOYMENT_TARGET = 16.4;
				MTL_ENABLE_DEBUG_INFO = NO;
				MTL_FAST_MATH = YES;
				SDKROOT = iphoneos;
				SWIFT_COMPILATION_MODE = wholemodule;
				SWIFT_OPTIMIZATION_LEVEL = "-O";
				VALIDATE_PRODUCT = YES;
			};
			name = Release;
		};
		64CCA6672A552D3700523486 /* Debug */ = {
			isa = XCBuildConfiguration;
			baseConfigurationReference = EF465C954DAD89113DE52B76 /* Pods-Messager.debug.xcconfig */;
			buildSettings = {
				ASSETCATALOG_COMPILER_APPICON_NAME = AppIcon;
				ASSETCATALOG_COMPILER_GLOBAL_ACCENT_COLOR_NAME = AccentColor;
				CODE_SIGN_STYLE = Automatic;
				CURRENT_PROJECT_VERSION = 1;
				DEVELOPMENT_TEAM = 5KA6J79S24;
				GENERATE_INFOPLIST_FILE = YES;
				INFOPLIST_FILE = Messager/Info.plist;
				INFOPLIST_KEY_UIApplicationSupportsIndirectInputEvents = YES;
				INFOPLIST_KEY_UILaunchStoryboardName = LaunchScreen;
				INFOPLIST_KEY_UIMainStoryboardFile = Main;
				INFOPLIST_KEY_UISupportedInterfaceOrientations_iPad = "UIInterfaceOrientationPortrait UIInterfaceOrientationPortraitUpsideDown UIInterfaceOrientationLandscapeLeft UIInterfaceOrientationLandscapeRight";
				INFOPLIST_KEY_UISupportedInterfaceOrientations_iPhone = "UIInterfaceOrientationPortrait UIInterfaceOrientationLandscapeLeft UIInterfaceOrientationLandscapeRight";
				IPHONEOS_DEPLOYMENT_TARGET = 13.0;
				LD_RUNPATH_SEARCH_PATHS = (
					"$(inherited)",
					"@executable_path/Frameworks",
				);
				MARKETING_VERSION = 1.0;
				PRODUCT_BUNDLE_IDENTIFIER = com.woogie.Messager;
				PRODUCT_NAME = "$(TARGET_NAME)";
				SWIFT_EMIT_LOC_STRINGS = YES;
				SWIFT_VERSION = 5.0;
				TARGETED_DEVICE_FAMILY = "1,2";
			};
			name = Debug;
		};
		64CCA6682A552D3700523486 /* Release */ = {
			isa = XCBuildConfiguration;
			baseConfigurationReference = 8B605FEE19907385DF590E73 /* Pods-Messager.release.xcconfig */;
			buildSettings = {
				ASSETCATALOG_COMPILER_APPICON_NAME = AppIcon;
				ASSETCATALOG_COMPILER_GLOBAL_ACCENT_COLOR_NAME = AccentColor;
				CODE_SIGN_STYLE = Automatic;
				CURRENT_PROJECT_VERSION = 1;
				DEVELOPMENT_TEAM = 5KA6J79S24;
				GENERATE_INFOPLIST_FILE = YES;
				INFOPLIST_FILE = Messager/Info.plist;
				INFOPLIST_KEY_UIApplicationSupportsIndirectInputEvents = YES;
				INFOPLIST_KEY_UILaunchStoryboardName = LaunchScreen;
				INFOPLIST_KEY_UIMainStoryboardFile = Main;
				INFOPLIST_KEY_UISupportedInterfaceOrientations_iPad = "UIInterfaceOrientationPortrait UIInterfaceOrientationPortraitUpsideDown UIInterfaceOrientationLandscapeLeft UIInterfaceOrientationLandscapeRight";
				INFOPLIST_KEY_UISupportedInterfaceOrientations_iPhone = "UIInterfaceOrientationPortrait UIInterfaceOrientationLandscapeLeft UIInterfaceOrientationLandscapeRight";
				IPHONEOS_DEPLOYMENT_TARGET = 13.0;
				LD_RUNPATH_SEARCH_PATHS = (
					"$(inherited)",
					"@executable_path/Frameworks",
				);
				MARKETING_VERSION = 1.0;
				PRODUCT_BUNDLE_IDENTIFIER = com.woogie.Messager;
				PRODUCT_NAME = "$(TARGET_NAME)";
				SWIFT_EMIT_LOC_STRINGS = YES;
				SWIFT_VERSION = 5.0;
				TARGETED_DEVICE_FAMILY = "1,2";
			};
			name = Release;
		};
/* End XCBuildConfiguration section */

/* Begin XCConfigurationList section */
		64CCA64A2A552D3500523486 /* Build configuration list for PBXProject "Messager" */ = {
			isa = XCConfigurationList;
			buildConfigurations = (
				64CCA6642A552D3700523486 /* Debug */,
				64CCA6652A552D3700523486 /* Release */,
			);
			defaultConfigurationIsVisible = 0;
			defaultConfigurationName = Release;
		};
		64CCA6662A552D3700523486 /* Build configuration list for PBXNativeTarget "Messager" */ = {
			isa = XCConfigurationList;
			buildConfigurations = (
				64CCA6672A552D3700523486 /* Debug */,
				64CCA6682A552D3700523486 /* Release */,
			);
			defaultConfigurationIsVisible = 0;
			defaultConfigurationName = Release;
		};
/* End XCConfigurationList section */

/* Begin XCVersionGroup section */
		64CCA65B2A552D3500523486 /* Messager.xcdatamodeld */ = {
			isa = XCVersionGroup;
			children = (
				64CCA65C2A552D3500523486 /* Messager.xcdatamodel */,
			);
			currentVersion = 64CCA65C2A552D3500523486 /* Messager.xcdatamodel */;
			path = Messager.xcdatamodeld;
			sourceTree = "<group>";
			versionGroupType = wrapper.xcdatamodel;
		};
/* End XCVersionGroup section */
	};
	rootObject = 64CCA6472A552D3500523486 /* Project object */;
}
